{
  "name": "jub",
  "version": "0.0.0",
  "lockfileVersion": 2,
  "requires": true,
  "packages": {
    "": {
      "name": "jub",
      "version": "0.0.0",
      "license": "ISC",
      "dependencies": {
        "jubat": "^0.0.1"
      }
    },
    "node_modules/jubat": {
      "version": "0.0.1",
      "resolved": "https://registry.npmjs.org/jubat/-/jubat-0.0.1.tgz",
      "integrity": "sha512-VAXeVT4r1OBqK0kE5y6SCxweuArz77+BU1w60oEfN3eVDvtyIDxU6OtQXD7YRhPjZSgdduHCUfN4DT4hONe0pQ=="
    }
  },
  "dependencies": {
    "jubat": {
      "version": "0.0.1",
      "resolved": "https://registry.npmjs.org/jubat/-/jubat-0.0.1.tgz",
      "integrity": "sha512-VAXeVT4r1OBqK0kE5y6SCxweuArz77+BU1w60oEfN3eVDvtyIDxU6OtQXD7YRhPjZSgdduHCUfN4DT4hONe0pQ=="
    }
  }
}
